
Microsoft Visual Studio Solution File, Format Version 12.00
# Visual Studio Version 17
VisualStudioVersion = 17.4.33213.308
MinimumVisualStudioVersion = 10.0.40219.1
Project("{FAE04EC0-301F-11D3-BF4B-00C04F79EFBC}") = "ALedgerApi", "ALedgerApi\ALedgerApi.csproj", "{9371057D-42A3-4EE2-977A-EEE4A3E7312C}"
EndProject
Global
	GlobalSection(SolutionConfigurationPlatforms) = preSolution
		Debug|Any CPU = Debug|Any CPU
		Release|Any CPU = Release|Any CPU
	EndGlobalSection
	GlobalSection(ProjectConfigurationPlatforms) = postSolution
		{9371057D-42A3-4EE2-977A-EEE4A3E7312C}.Debug|Any CPU.ActiveCfg = Debug|Any CPU
		{9371057D-42A3-4EE2-977A-EEE4A3E7312C}.Debug|Any CPU.Build.0 = Debug|Any CPU
		{9371057D-42A3-4EE2-977A-EEE4A3E7312C}.Release|Any CPU.ActiveCfg = Release|Any CPU
		{9371057D-42A3-4EE2-977A-EEE4A3E7312C}.Release|Any CPU.Build.0 = Release|Any CPU
	EndGlobalSection
	GlobalSection(SolutionProperties) = preSolution
		HideSolutionNode = FALSE
	EndGlobalSection
	GlobalSection(ExtensibilityGlobals) = postSolution
		SolutionGuid = {E49451A3-8C63-47EF-AC87-F08F2E01DB46}
	EndGlobalSection
EndGlobal
